
Microsoft Visual Studio Solution File, Format Version 12.00
# Visual Studio Version 17
VisualStudioVersion = 17.11.35327.3
MinimumVisualStudioVersion = 10.0.40219.1
Project("{FAE04EC0-301F-11D3-BF4B-00C04F79EFBC}") = "TasaBCV", "TasaBCV\TasaBCV.csproj", "{77EBD1E9-385E-4A43-A8A7-74AD43F54DC6}"
EndProject
Global
	GlobalSection(SolutionConfigurationPlatforms) = preSolution
		Debug|Any CPU = Debug|Any CPU
		Release|Any CPU = Release|Any CPU
	EndGlobalSection
	GlobalSection(ProjectConfigurationPlatforms) = postSolution
		{77EBD1E9-385E-4A43-A8A7-74AD43F54DC6}.Debug|Any CPU.ActiveCfg = Debug|Any CPU
		{77EBD1E9-385E-4A43-A8A7-74AD43F54DC6}.Debug|Any CPU.Build.0 = Debug|Any CPU
		{77EBD1E9-385E-4A43-A8A7-74AD43F54DC6}.Release|Any CPU.ActiveCfg = Release|Any CPU
		{77EBD1E9-385E-4A43-A8A7-74AD43F54DC6}.Release|Any CPU.Build.0 = Release|Any CPU
	EndGlobalSection
	GlobalSection(SolutionProperties) = preSolution
		HideSolutionNode = FALSE
	EndGlobalSection
	GlobalSection(ExtensibilityGlobals) = postSolution
		SolutionGuid = {7728410A-6AA9-4B2A-BD7A-B7F595AC1640}
	EndGlobalSection
EndGlobal
